
Microsoft Visual Studio Solution File, Format Version 12.00
# Visual Studio 15
VisualStudioVersion = 15.0.27004.2009
MinimumVisualStudioVersion = 10.0.40219.1
Project("{FAE04EC0-301F-11D3-BF4B-00C04F79EFBC}") = "NiceHash Profitability Tracker", "NiceHash Profitability Tracker\NiceHash Profitability Tracker.csproj", "{121EB1BE-5B70-4842-9781-43B47B8633C0}"
EndProject
Project("{FAE04EC0-301F-11D3-BF4B-00C04F79EFBC}") = "NiceHashWorkerMonitor", "NiceHashWorkerMonitor\NiceHashWorkerMonitor.csproj", "{2C671C2C-16F6-4748-8E6C-E67BF16DDE55}"
EndProject
Project("{FAE04EC0-301F-11D3-BF4B-00C04F79EFBC}") = "NiceHashStatsViewer", "NiceHashStatsViewer\NiceHashStatsViewer.csproj", "{BC901F61-915D-4182-95A4-CF7AD0FA0958}"
EndProject
Global
	GlobalSection(SolutionConfigurationPlatforms) = preSolution
		Debug|Any CPU = Debug|Any CPU
		Release|Any CPU = Release|Any CPU
	EndGlobalSection
	GlobalSection(ProjectConfigurationPlatforms) = postSolution
		{121EB1BE-5B70-4842-9781-43B47B8633C0}.Debug|Any CPU.ActiveCfg = Debug|Any CPU
		{121EB1BE-5B70-4842-9781-43B47B8633C0}.Debug|Any CPU.Build.0 = Debug|Any CPU
		{121EB1BE-5B70-4842-9781-43B47B8633C0}.Release|Any CPU.ActiveCfg = Release|Any CPU
		{121EB1BE-5B70-4842-9781-43B47B8633C0}.Release|Any CPU.Build.0 = Release|Any CPU
		{2C671C2C-16F6-4748-8E6C-E67BF16DDE55}.Debug|Any CPU.ActiveCfg = Debug|Any CPU
		{2C671C2C-16F6-4748-8E6C-E67BF16DDE55}.Debug|Any CPU.Build.0 = Debug|Any CPU
		{2C671C2C-16F6-4748-8E6C-E67BF16DDE55}.Release|Any CPU.ActiveCfg = Release|Any CPU
		{2C671C2C-16F6-4748-8E6C-E67BF16DDE55}.Release|Any CPU.Build.0 = Release|Any CPU
		{BC901F61-915D-4182-95A4-CF7AD0FA0958}.Debug|Any CPU.ActiveCfg = Debug|Any CPU
		{BC901F61-915D-4182-95A4-CF7AD0FA0958}.Debug|Any CPU.Build.0 = Debug|Any CPU
		{BC901F61-915D-4182-95A4-CF7AD0FA0958}.Release|Any CPU.ActiveCfg = Release|Any CPU
		{BC901F61-915D-4182-95A4-CF7AD0FA0958}.Release|Any CPU.Build.0 = Release|Any CPU
	EndGlobalSection
	GlobalSection(SolutionProperties) = preSolution
		HideSolutionNode = FALSE
	EndGlobalSection
	GlobalSection(ExtensibilityGlobals) = postSolution
		SolutionGuid = {62D3BE68-EB9E-4F96-B84E-F828A3DF8FBC}
	EndGlobalSection
EndGlobal
